// !$*UTF8*$!
{
	archiveVersion = 1;
	classes = {
	};
	objectVersion = 56;
	objects = {

/* Begin PBXBuildFile section */
		D29E8D372C78E455000FBCEC /* ToDoViperApp.swift in Sources */ = {isa = PBXBuildFile; fileRef = D29E8D362C78E455000FBCEC /* ToDoViperApp.swift */; };
		D29E8D3B2C78E456000FBCEC /* Assets.xcassets in Resources */ = {isa = PBXBuildFile; fileRef = D29E8D3A2C78E456000FBCEC /* Assets.xcassets */; };
		D29E8D3E2C78E456000FBCEC /* Preview Assets.xcassets in Resources */ = {isa = PBXBuildFile; fileRef = D29E8D3D2C78E456000FBCEC /* Preview Assets.xcassets */; };
		D29E8D402C78E456000FBCEC /* Persistence.swift in Sources */ = {isa = PBXBuildFile; fileRef = D29E8D3F2C78E456000FBCEC /* Persistence.swift */; };
		D29E8D432C78E456000FBCEC /* ToDoViper.xcdatamodeld in Sources */ = {isa = PBXBuildFile; fileRef = D29E8D412C78E456000FBCEC /* ToDoViper.xcdatamodeld */; };
		D29E8D4D2C78E5F3000FBCEC /* TodoEntity.swift in Sources */ = {isa = PBXBuildFile; fileRef = D29E8D4C2C78E5F3000FBCEC /* TodoEntity.swift */; };
		D29E8D5F2C78E914000FBCEC /* PlaceholderView.swift in Sources */ = {isa = PBXBuildFile; fileRef = D29E8D5E2C78E914000FBCEC /* PlaceholderView.swift */; };
		D29E8D612C78F3E9000FBCEC /* ToDoListInteractor.swift in Sources */ = {isa = PBXBuildFile; fileRef = D29E8D602C78F3E9000FBCEC /* ToDoListInteractor.swift */; };
/* End PBXBuildFile section */

/* Begin PBXFileReference section */
		D29E8D332C78E455000FBCEC /* ToDoViper.app */ = {isa = PBXFileReference; explicitFileType = wrapper.application; includeInIndex = 0; path = ToDoViper.app; sourceTree = BUILT_PRODUCTS_DIR; };
		D29E8D362C78E455000FBCEC /* ToDoViperApp.swift */ = {isa = PBXFileReference; lastKnownFileType = sourcecode.swift; path = ToDoViperApp.swift; sourceTree = "<group>"; };
		D29E8D3A2C78E456000FBCEC /* Assets.xcassets */ = {isa = PBXFileReference; lastKnownFileType = folder.assetcatalog; path = Assets.xcassets; sourceTree = "<group>"; };
		D29E8D3D2C78E456000FBCEC /* Preview Assets.xcassets */ = {isa = PBXFileReference; lastKnownFileType = folder.assetcatalog; path = "Preview Assets.xcassets"; sourceTree = "<group>"; };
		D29E8D3F2C78E456000FBCEC /* Persistence.swift */ = {isa = PBXFileReference; lastKnownFileType = sourcecode.swift; path = Persistence.swift; sourceTree = "<group>"; };
		D29E8D422C78E456000FBCEC /* ToDoViper.xcdatamodel */ = {isa = PBXFileReference; lastKnownFileType = wrapper.xcdatamodel; path = ToDoViper.xcdatamodel; sourceTree = "<group>"; };
		D29E8D4C2C78E5F3000FBCEC /* TodoEntity.swift */ = {isa = PBXFileReference; lastKnownFileType = sourcecode.swift; path = TodoEntity.swift; sourceTree = "<group>"; };
		D29E8D5E2C78E914000FBCEC /* PlaceholderView.swift */ = {isa = PBXFileReference; lastKnownFileType = sourcecode.swift; path = PlaceholderView.swift; sourceTree = "<group>"; };
		D29E8D602C78F3E9000FBCEC /* ToDoListInteractor.swift */ = {isa = PBXFileReference; lastKnownFileType = sourcecode.swift; path = ToDoListInteractor.swift; sourceTree = "<group>"; };
/* End PBXFileReference section */

/* Begin PBXFrameworksBuildPhase section */
		D29E8D302C78E455000FBCEC /* Frameworks */ = {
			isa = PBXFrameworksBuildPhase;
			buildActionMask = 2147483647;
			files = (
			);
			runOnlyForDeploymentPostprocessing = 0;
		};
/* End PBXFrameworksBuildPhase section */

/* Begin PBXGroup section */
		D29E8D2A2C78E455000FBCEC = {
			isa = PBXGroup;
			children = (
				D29E8D352C78E455000FBCEC /* ToDoViper */,
				D29E8D342C78E455000FBCEC /* Products */,
			);
			sourceTree = "<group>";
		};
		D29E8D342C78E455000FBCEC /* Products */ = {
			isa = PBXGroup;
			children = (
				D29E8D332C78E455000FBCEC /* ToDoViper.app */,
			);
			name = Products;
			sourceTree = "<group>";
		};
		D29E8D352C78E455000FBCEC /* ToDoViper */ = {
			isa = PBXGroup;
			children = (
				D29E8D492C78E59F000FBCEC /* Data */,
				D29E8D4F2C78E65F000FBCEC /* ViperModules */,
				D29E8D4E2C78E627000FBCEC /* Resources */,
				D29E8D362C78E455000FBCEC /* ToDoViperApp.swift */,
				D29E8D5E2C78E914000FBCEC /* PlaceholderView.swift */,
				D29E8D412C78E456000FBCEC /* ToDoViper.xcdatamodeld */,
				D29E8D3C2C78E456000FBCEC /* Preview Content */,
			);
			path = ToDoViper;
			sourceTree = "<group>";
		};
		D29E8D3C2C78E456000FBCEC /* Preview Content */ = {
			isa = PBXGroup;
			children = (
				D29E8D3D2C78E456000FBCEC /* Preview Assets.xcassets */,
			);
			path = "Preview Content";
			sourceTree = "<group>";
		};
		D29E8D492C78E59F000FBCEC /* Data */ = {
			isa = PBXGroup;
			children = (
				D29E8D4A2C78E5B2000FBCEC /* Network */,
				D29E8D4B2C78E5BC000FBCEC /* Models */,
				D29E8D3F2C78E456000FBCEC /* Persistence.swift */,
			);
			path = Data;
			sourceTree = "<group>";
		};
		D29E8D4A2C78E5B2000FBCEC /* Network */ = {
			isa = PBXGroup;
			children = (
			);
			path = Network;
			sourceTree = "<group>";
		};
		D29E8D4B2C78E5BC000FBCEC /* Models */ = {
			isa = PBXGroup;
			children = (
				D29E8D4C2C78E5F3000FBCEC /* TodoEntity.swift */,
			);
			path = Models;
			sourceTree = "<group>";
		};
		D29E8D4E2C78E627000FBCEC /* Resources */ = {
			isa = PBXGroup;
			children = (
				D29E8D3A2C78E456000FBCEC /* Assets.xcassets */,
			);
			path = Resources;
			sourceTree = "<group>";
		};
		D29E8D4F2C78E65F000FBCEC /* ViperModules */ = {
			isa = PBXGroup;
			children = (
				D29E8D502C78E6B4000FBCEC /* ToDoList */,
				D29E8D572C78E7B1000FBCEC /* ToDoDetail */,
			);
			path = ViperModules;
			sourceTree = "<group>";
		};
		D29E8D502C78E6B4000FBCEC /* ToDoList */ = {
			isa = PBXGroup;
			children = (
				D29E8D512C78E6B8000FBCEC /* View */,
				D29E8D522C78E6CB000FBCEC /* Interactor */,
				D29E8D532C78E6D4000FBCEC /* Presenter */,
				D29E8D542C78E6E3000FBCEC /* Entity */,
				D29E8D552C78E6EC000FBCEC /* Router */,
				D29E8D562C78E755000FBCEC /* Assembly */,
			);
			path = ToDoList;
			sourceTree = "<group>";
		};
		D29E8D512C78E6B8000FBCEC /* View */ = {
			isa = PBXGroup;
			children = (
			);
			path = View;
			sourceTree = "<group>";
		};
		D29E8D522C78E6CB000FBCEC /* Interactor */ = {
			isa = PBXGroup;
			children = (
				D29E8D602C78F3E9000FBCEC /* ToDoListInteractor.swift */,
			);
			path = Interactor;
			sourceTree = "<group>";
		};
		D29E8D532C78E6D4000FBCEC /* Presenter */ = {
			isa = PBXGroup;
			children = (
			);
			path = Presenter;
			sourceTree = "<group>";
		};
		D29E8D542C78E6E3000FBCEC /* Entity */ = {
			isa = PBXGroup;
			children = (
			);
			path = Entity;
			sourceTree = "<group>";
		};
		D29E8D552C78E6EC000FBCEC /* Router */ = {
			isa = PBXGroup;
			children = (
			);
			path = Router;
			sourceTree = "<group>";
		};
		D29E8D562C78E755000FBCEC /* Assembly */ = {
			isa = PBXGroup;
			children = (
			);
			path = Assembly;
			sourceTree = "<group>";
		};
		D29E8D572C78E7B1000FBCEC /* ToDoDetail */ = {
			isa = PBXGroup;
			children = (
				D29E8D582C78E7C0000FBCEC /* View */,
				D29E8D592C78E7C4000FBCEC /* Interactor */,
				D29E8D5A2C78E7D2000FBCEC /* Presenter */,
				D29E8D5C2C78E7E1000FBCEC /* Entity */,
				D29E8D5B2C78E7DD000FBCEC /* Router */,
				D29E8D5D2C78E805000FBCEC /* Assembly */,
			);
			path = ToDoDetail;
			sourceTree = "<group>";
		};
		D29E8D582C78E7C0000FBCEC /* View */ = {
			isa = PBXGroup;
			children = (
			);
			path = View;
			sourceTree = "<group>";
		};
		D29E8D592C78E7C4000FBCEC /* Interactor */ = {
			isa = PBXGroup;
			children = (
			);
			path = Interactor;
			sourceTree = "<group>";
		};
		D29E8D5A2C78E7D2000FBCEC /* Presenter */ = {
			isa = PBXGroup;
			children = (
			);
			path = Presenter;
			sourceTree = "<group>";
		};
		D29E8D5B2C78E7DD000FBCEC /* Router */ = {
			isa = PBXGroup;
			children = (
			);
			path = Router;
			sourceTree = "<group>";
		};
		D29E8D5C2C78E7E1000FBCEC /* Entity */ = {
			isa = PBXGroup;
			children = (
			);
			path = Entity;
			sourceTree = "<group>";
		};
		D29E8D5D2C78E805000FBCEC /* Assembly */ = {
			isa = PBXGroup;
			children = (
			);
			path = Assembly;
			sourceTree = "<group>";
		};
/* End PBXGroup section */

/* Begin PBXNativeTarget section */
		D29E8D322C78E455000FBCEC /* ToDoViper */ = {
			isa = PBXNativeTarget;
			buildConfigurationList = D29E8D462C78E456000FBCEC /* Build configuration list for PBXNativeTarget "ToDoViper" */;
			buildPhases = (
				D29E8D2F2C78E455000FBCEC /* Sources */,
				D29E8D302C78E455000FBCEC /* Frameworks */,
				D29E8D312C78E455000FBCEC /* Resources */,
			);
			buildRules = (
			);
			dependencies = (
			);
			name = ToDoViper;
			productName = ToDoViper;
			productReference = D29E8D332C78E455000FBCEC /* ToDoViper.app */;
			productType = "com.apple.product-type.application";
		};
/* End PBXNativeTarget section */

/* Begin PBXProject section */
		D29E8D2B2C78E455000FBCEC /* Project object */ = {
			isa = PBXProject;
			attributes = {
				BuildIndependentTargetsInParallel = 1;
				LastSwiftUpdateCheck = 1540;
				LastUpgradeCheck = 1540;
				TargetAttributes = {
					D29E8D322C78E455000FBCEC = {
						CreatedOnToolsVersion = 15.4;
					};
				};
			};
			buildConfigurationList = D29E8D2E2C78E455000FBCEC /* Build configuration list for PBXProject "ToDoViper" */;
			compatibilityVersion = "Xcode 14.0";
			developmentRegion = en;
			hasScannedForEncodings = 0;
			knownRegions = (
				en,
				Base,
			);
			mainGroup = D29E8D2A2C78E455000FBCEC;
			productRefGroup = D29E8D342C78E455000FBCEC /* Products */;
			projectDirPath = "";
			projectRoot = "";
			targets = (
				D29E8D322C78E455000FBCEC /* ToDoViper */,
			);
		};
/* End PBXProject section */

/* Begin PBXResourcesBuildPhase section */
		D29E8D312C78E455000FBCEC /* Resources */ = {
			isa = PBXResourcesBuildPhase;
			buildActionMask = 2147483647;
			files = (
				D29E8D3E2C78E456000FBCEC /* Preview Assets.xcassets in Resources */,
				D29E8D3B2C78E456000FBCEC /* Assets.xcassets in Resources */,
			);
			runOnlyForDeploymentPostprocessing = 0;
		};
/* End PBXResourcesBuildPhase section */

/* Begin PBXSourcesBuildPhase section */
		D29E8D2F2C78E455000FBCEC /* Sources */ = {
			isa = PBXSourcesBuildPhase;
			buildActionMask = 2147483647;
			files = (
				D29E8D4D2C78E5F3000FBCEC /* TodoEntity.swift in Sources */,
				D29E8D402C78E456000FBCEC /* Persistence.swift in Sources */,
				D29E8D432C78E456000FBCEC /* ToDoViper.xcdatamodeld in Sources */,
				D29E8D5F2C78E914000FBCEC /* PlaceholderView.swift in Sources */,
				D29E8D612C78F3E9000FBCEC /* ToDoListInteractor.swift in Sources */,
				D29E8D372C78E455000FBCEC /* ToDoViperApp.swift in Sources */,
			);
			runOnlyForDeploymentPostprocessing = 0;
		};
/* End PBXSourcesBuildPhase section */

/* Begin XCBuildConfiguration section */
		D29E8D442C78E456000FBCEC /* Debug */ = {
			isa = XCBuildConfiguration;
			buildSettings = {
				ALWAYS_SEARCH_USER_PATHS = NO;
				ASSETCATALOG_COMPILER_GENERATE_SWIFT_ASSET_SYMBOL_EXTENSIONS = YES;
				CLANG_ANALYZER_NONNULL = YES;
				CLANG_ANALYZER_NUMBER_OBJECT_CONVERSION = YES_AGGRESSIVE;
				CLANG_CXX_LANGUAGE_STANDARD = "gnu++20";
				CLANG_ENABLE_MODULES = YES;
				CLANG_ENABLE_OBJC_ARC = YES;
				CLANG_ENABLE_OBJC_WEAK = YES;
				CLANG_WARN_BLOCK_CAPTURE_AUTORELEASING = YES;
				CLANG_WARN_BOOL_CONVERSION = YES;
				CLANG_WARN_COMMA = YES;
				CLANG_WARN_CONSTANT_CONVERSION = YES;
				CLANG_WARN_DEPRECATED_OBJC_IMPLEMENTATIONS = YES;
				CLANG_WARN_DIRECT_OBJC_ISA_USAGE = YES_ERROR;
				CLANG_WARN_DOCUMENTATION_COMMENTS = YES;
				CLANG_WARN_EMPTY_BODY = YES;
				CLANG_WARN_ENUM_CONVERSION = YES;
				CLANG_WARN_INFINITE_RECURSION = YES;
				CLANG_WARN_INT_CONVERSION = YES;
				CLANG_WARN_NON_LITERAL_NULL_CONVERSION = YES;
				CLANG_WARN_OBJC_IMPLICIT_RETAIN_SELF = YES;
				CLANG_WARN_OBJC_LITERAL_CONVERSION = YES;
				CLANG_WARN_OBJC_ROOT_CLASS = YES_ERROR;
				CLANG_WARN_QUOTED_INCLUDE_IN_FRAMEWORK_HEADER = YES;
				CLANG_WARN_RANGE_LOOP_ANALYSIS = YES;
				CLANG_WARN_STRICT_PROTOTYPES = YES;
				CLANG_WARN_SUSPICIOUS_MOVE = YES;
				CLANG_WARN_UNGUARDED_AVAILABILITY = YES_AGGRESSIVE;
				CLANG_WARN_UNREACHABLE_CODE = YES;
				CLANG_WARN__DUPLICATE_METHOD_MATCH = YES;
				COPY_PHASE_STRIP = NO;
				DEBUG_INFORMATION_FORMAT = dwarf;
				ENABLE_STRICT_OBJC_MSGSEND = YES;
				ENABLE_TESTABILITY = YES;
				ENABLE_USER_SCRIPT_SANDBOXING = YES;
				GCC_C_LANGUAGE_STANDARD = gnu17;
				GCC_DYNAMIC_NO_PIC = NO;
				GCC_NO_COMMON_BLOCKS = YES;
				GCC_OPTIMIZATION_LEVEL = 0;
				GCC_PREPROCESSOR_DEFINITIONS = (
					"DEBUG=1",
					"$(inherited)",
				);
				GCC_WARN_64_TO_32_BIT_CONVERSION = YES;
				GCC_WARN_ABOUT_RETURN_TYPE = YES_ERROR;
				GCC_WARN_UNDECLARED_SELECTOR = YES;
				GCC_WARN_UNINITIALIZED_AUTOS = YES_AGGRESSIVE;
				GCC_WARN_UNUSED_FUNCTION = YES;
				GCC_WARN_UNUSED_VARIABLE = YES;
				IPHONEOS_DEPLOYMENT_TARGET = 17.5;
				LOCALIZATION_PREFERS_STRING_CATALOGS = YES;
				MTL_ENABLE_DEBUG_INFO = INCLUDE_SOURCE;
				MTL_FAST_MATH = YES;
				ONLY_ACTIVE_ARCH = YES;
				SDKROOT = iphoneos;
				SWIFT_ACTIVE_COMPILATION_CONDITIONS = "DEBUG $(inherited)";
				SWIFT_OPTIMIZATION_LEVEL = "-Onone";
			};
			name = Debug;
		};
		D29E8D452C78E456000FBCEC /* Release */ = {
			isa = XCBuildConfiguration;
			buildSettings = {
				ALWAYS_SEARCH_USER_PATHS = NO;
				ASSETCATALOG_COMPILER_GENERATE_SWIFT_ASSET_SYMBOL_EXTENSIONS = YES;
				CLANG_ANALYZER_NONNULL = YES;
				CLANG_ANALYZER_NUMBER_OBJECT_CONVERSION = YES_AGGRESSIVE;
				CLANG_CXX_LANGUAGE_STANDARD = "gnu++20";
				CLANG_ENABLE_MODULES = YES;
				CLANG_ENABLE_OBJC_ARC = YES;
				CLANG_ENABLE_OBJC_WEAK = YES;
				CLANG_WARN_BLOCK_CAPTURE_AUTORELEASING = YES;
				CLANG_WARN_BOOL_CONVERSION = YES;
				CLANG_WARN_COMMA = YES;
				CLANG_WARN_CONSTANT_CONVERSION = YES;
				CLANG_WARN_DEPRECATED_OBJC_IMPLEMENTATIONS = YES;
				CLANG_WARN_DIRECT_OBJC_ISA_USAGE = YES_ERROR;
				CLANG_WARN_DOCUMENTATION_COMMENTS = YES;
				CLANG_WARN_EMPTY_BODY = YES;
				CLANG_WARN_ENUM_CONVERSION = YES;
				CLANG_WARN_INFINITE_RECURSION = YES;
				CLANG_WARN_INT_CONVERSION = YES;
				CLANG_WARN_NON_LITERAL_NULL_CONVERSION = YES;
				CLANG_WARN_OBJC_IMPLICIT_RETAIN_SELF = YES;
				CLANG_WARN_OBJC_LITERAL_CONVERSION = YES;
				CLANG_WARN_OBJC_ROOT_CLASS = YES_ERROR;
				CLANG_WARN_QUOTED_INCLUDE_IN_FRAMEWORK_HEADER = YES;
				CLANG_WARN_RANGE_LOOP_ANALYSIS = YES;
				CLANG_WARN_STRICT_PROTOTYPES = YES;
				CLANG_WARN_SUSPICIOUS_MOVE = YES;
				CLANG_WARN_UNGUARDED_AVAILABILITY = YES_AGGRESSIVE;
				CLANG_WARN_UNREACHABLE_CODE = YES;
				CLANG_WARN__DUPLICATE_METHOD_MATCH = YES;
				COPY_PHASE_STRIP = NO;
				DEBUG_INFORMATION_FORMAT = "dwarf-with-dsym";
				ENABLE_NS_ASSERTIONS = NO;
				ENABLE_STRICT_OBJC_MSGSEND = YES;
				ENABLE_USER_SCRIPT_SANDBOXING = YES;
				GCC_C_LANGUAGE_STANDARD = gnu17;
				GCC_NO_COMMON_BLOCKS = YES;
				GCC_WARN_64_TO_32_BIT_CONVERSION = YES;
				GCC_WARN_ABOUT_RETURN_TYPE = YES_ERROR;
				GCC_WARN_UNDECLARED_SELECTOR = YES;
				GCC_WARN_UNINITIALIZED_AUTOS = YES_AGGRESSIVE;
				GCC_WARN_UNUSED_FUNCTION = YES;
				GCC_WARN_UNUSED_VARIABLE = YES;
				IPHONEOS_DEPLOYMENT_TARGET = 17.5;
				LOCALIZATION_PREFERS_STRING_CATALOGS = YES;
				MTL_ENABLE_DEBUG_INFO = NO;
				MTL_FAST_MATH = YES;
				SDKROOT = iphoneos;
				SWIFT_COMPILATION_MODE = wholemodule;
				VALIDATE_PRODUCT = YES;
			};
			name = Release;
		};
		D29E8D472C78E456000FBCEC /* Debug */ = {
			isa = XCBuildConfiguration;
			buildSettings = {
				ASSETCATALOG_COMPILER_APPICON_NAME = AppIcon;
				ASSETCATALOG_COMPILER_GLOBAL_ACCENT_COLOR_NAME = AccentColor;
				CODE_SIGN_STYLE = Automatic;
				CURRENT_PROJECT_VERSION = 1;
				DEVELOPMENT_ASSET_PATHS = "\"ToDoViper/Preview Content\"";
				DEVELOPMENT_TEAM = H993X64HVL;
				ENABLE_PREVIEWS = YES;
				GENERATE_INFOPLIST_FILE = YES;
				INFOPLIST_KEY_UIApplicationSceneManifest_Generation = YES;
				INFOPLIST_KEY_UIApplicationSupportsIndirectInputEvents = YES;
				INFOPLIST_KEY_UILaunchScreen_Generation = YES;
				INFOPLIST_KEY_UISupportedInterfaceOrientations_iPad = "UIInterfaceOrientationPortrait UIInterfaceOrientationPortraitUpsideDown UIInterfaceOrientationLandscapeLeft UIInterfaceOrientationLandscapeRight";
				INFOPLIST_KEY_UISupportedInterfaceOrientations_iPhone = "UIInterfaceOrientationPortrait UIInterfaceOrientationLandscapeLeft UIInterfaceOrientationLandscapeRight";
				LD_RUNPATH_SEARCH_PATHS = (
					"$(inherited)",
					"@executable_path/Frameworks",
				);
				MARKETING_VERSION = 1.0;
				PRODUCT_BUNDLE_IDENTIFIER = com.lebedevapps.ToDoViper;
				PRODUCT_NAME = "$(TARGET_NAME)";
				SWIFT_EMIT_LOC_STRINGS = YES;
				SWIFT_VERSION = 5.0;
				TARGETED_DEVICE_FAMILY = "1,2";
			};
			name = Debug;
		};
		D29E8D482C78E456000FBCEC /* Release */ = {
			isa = XCBuildConfiguration;
			buildSettings = {
				ASSETCATALOG_COMPILER_APPICON_NAME = AppIcon;
				ASSETCATALOG_COMPILER_GLOBAL_ACCENT_COLOR_NAME = AccentColor;
				CODE_SIGN_STYLE = Automatic;
				CURRENT_PROJECT_VERSION = 1;
				DEVELOPMENT_ASSET_PATHS = "\"ToDoViper/Preview Content\"";
				DEVELOPMENT_TEAM = H993X64HVL;
				ENABLE_PREVIEWS = YES;
				GENERATE_INFOPLIST_FILE = YES;
				INFOPLIST_KEY_UIApplicationSceneManifest_Generation = YES;
				INFOPLIST_KEY_UIApplicationSupportsIndirectInputEvents = YES;
				INFOPLIST_KEY_UILaunchScreen_Generation = YES;
				INFOPLIST_KEY_UISupportedInterfaceOrientations_iPad = "UIInterfaceOrientationPortrait UIInterfaceOrientationPortraitUpsideDown UIInterfaceOrientationLandscapeLeft UIInterfaceOrientationLandscapeRight";
				INFOPLIST_KEY_UISupportedInterfaceOrientations_iPhone = "UIInterfaceOrientationPortrait UIInterfaceOrientationLandscapeLeft UIInterfaceOrientationLandscapeRight";
				LD_RUNPATH_SEARCH_PATHS = (
					"$(inherited)",
					"@executable_path/Frameworks",
				);
				MARKETING_VERSION = 1.0;
				PRODUCT_BUNDLE_IDENTIFIER = com.lebedevapps.ToDoViper;
				PRODUCT_NAME = "$(TARGET_NAME)";
				SWIFT_EMIT_LOC_STRINGS = YES;
				SWIFT_VERSION = 5.0;
				TARGETED_DEVICE_FAMILY = "1,2";
			};
			name = Release;
		};
/* End XCBuildConfiguration section */

/* Begin XCConfigurationList section */
		D29E8D2E2C78E455000FBCEC /* Build configuration list for PBXProject "ToDoViper" */ = {
			isa = XCConfigurationList;
			buildConfigurations = (
				D29E8D442C78E456000FBCEC /* Debug */,
				D29E8D452C78E456000FBCEC /* Release */,
			);
			defaultConfigurationIsVisible = 0;
			defaultConfigurationName = Release;
		};
		D29E8D462C78E456000FBCEC /* Build configuration list for PBXNativeTarget "ToDoViper" */ = {
			isa = XCConfigurationList;
			buildConfigurations = (
				D29E8D472C78E456000FBCEC /* Debug */,
				D29E8D482C78E456000FBCEC /* Release */,
			);
			defaultConfigurationIsVisible = 0;
			defaultConfigurationName = Release;
		};
/* End XCConfigurationList section */

/* Begin XCVersionGroup section */
		D29E8D412C78E456000FBCEC /* ToDoViper.xcdatamodeld */ = {
			isa = XCVersionGroup;
			children = (
				D29E8D422C78E456000FBCEC /* ToDoViper.xcdatamodel */,
			);
			currentVersion = D29E8D422C78E456000FBCEC /* ToDoViper.xcdatamodel */;
			path = ToDoViper.xcdatamodeld;
			sourceTree = "<group>";
			versionGroupType = wrapper.xcdatamodel;
		};
/* End XCVersionGroup section */
	};
	rootObject = D29E8D2B2C78E455000FBCEC /* Project object */;
}
